
Microsoft Visual Studio Solution File, Format Version 12.00
# Visual Studio Version 16
VisualStudioVersion = 16.0.29806.167
MinimumVisualStudioVersion = 10.0.40219.1
Project("{9A19103F-16F7-4668-BE54-9A1E7A4F7556}") = "RihaInterpreterLibrary", "RihaInterpreterLibrary\RihaInterpreterLibrary.csproj", "{BD4F442B-0009-4C4D-8061-6BB85FD5659C}"
EndProject
Project("{9A19103F-16F7-4668-BE54-9A1E7A4F7556}") = "OldInterpreter", "OldInterpretor\OldInterpreter.csproj", "{5C469417-2674-4CA2-A8AC-8021B9E5413B}"
EndProject
Project("{9A19103F-16F7-4668-BE54-9A1E7A4F7556}") = "ConsoleTester", "ConsoleTester\ConsoleTester.csproj", "{2376F094-F6FE-4DA6-9AA1-1997832A90D0}"
EndProject
Project("{FAE04EC0-301F-11D3-BF4B-00C04F79EFBC}") = "TestingRihaInterpreterLibrary", "TestingRihaInterpreterLibrary\TestingRihaInterpreterLibrary.csproj", "{795A3921-91EC-414E-A4ED-DDC8396AEEDD}"
EndProject
Global
	GlobalSection(SolutionConfigurationPlatforms) = preSolution
		Debug|Any CPU = Debug|Any CPU
		Release|Any CPU = Release|Any CPU
	EndGlobalSection
	GlobalSection(ProjectConfigurationPlatforms) = postSolution
		{BD4F442B-0009-4C4D-8061-6BB85FD5659C}.Debug|Any CPU.ActiveCfg = Debug|Any CPU
		{BD4F442B-0009-4C4D-8061-6BB85FD5659C}.Debug|Any CPU.Build.0 = Debug|Any CPU
		{BD4F442B-0009-4C4D-8061-6BB85FD5659C}.Release|Any CPU.ActiveCfg = Release|Any CPU
		{BD4F442B-0009-4C4D-8061-6BB85FD5659C}.Release|Any CPU.Build.0 = Release|Any CPU
		{5C469417-2674-4CA2-A8AC-8021B9E5413B}.Debug|Any CPU.ActiveCfg = Debug|Any CPU
		{5C469417-2674-4CA2-A8AC-8021B9E5413B}.Debug|Any CPU.Build.0 = Debug|Any CPU
		{5C469417-2674-4CA2-A8AC-8021B9E5413B}.Release|Any CPU.ActiveCfg = Release|Any CPU
		{5C469417-2674-4CA2-A8AC-8021B9E5413B}.Release|Any CPU.Build.0 = Release|Any CPU
		{2376F094-F6FE-4DA6-9AA1-1997832A90D0}.Debug|Any CPU.ActiveCfg = Debug|Any CPU
		{2376F094-F6FE-4DA6-9AA1-1997832A90D0}.Debug|Any CPU.Build.0 = Debug|Any CPU
		{2376F094-F6FE-4DA6-9AA1-1997832A90D0}.Release|Any CPU.ActiveCfg = Release|Any CPU
		{2376F094-F6FE-4DA6-9AA1-1997832A90D0}.Release|Any CPU.Build.0 = Release|Any CPU
		{795A3921-91EC-414E-A4ED-DDC8396AEEDD}.Debug|Any CPU.ActiveCfg = Debug|Any CPU
		{795A3921-91EC-414E-A4ED-DDC8396AEEDD}.Debug|Any CPU.Build.0 = Debug|Any CPU
		{795A3921-91EC-414E-A4ED-DDC8396AEEDD}.Release|Any CPU.ActiveCfg = Release|Any CPU
		{795A3921-91EC-414E-A4ED-DDC8396AEEDD}.Release|Any CPU.Build.0 = Release|Any CPU
	EndGlobalSection
	GlobalSection(SolutionProperties) = preSolution
		HideSolutionNode = FALSE
	EndGlobalSection
	GlobalSection(ExtensibilityGlobals) = postSolution
		SolutionGuid = {3A9F56B2-B418-4866-B6A9-EABBDB46D9D7}
	EndGlobalSection
EndGlobal
